
Microsoft Visual Studio Solution File, Format Version 12.00
# Visual Studio Version 17
VisualStudioVersion = 17.14.36414.22 d17.14
MinimumVisualStudioVersion = 10.0.40219.1
Project("{FAE04EC0-301F-11D3-BF4B-00C04F79EFBC}") = "ParallelWebScraper", "ParallelWebScraper\ParallelWebScraper.csproj", "{2F8F09BC-973E-4C38-8A4F-431EA98EB749}"
EndProject
Global
	GlobalSection(SolutionConfigurationPlatforms) = preSolution
		Debug|Any CPU = Debug|Any CPU
		Release|Any CPU = Release|Any CPU
	EndGlobalSection
	GlobalSection(ProjectConfigurationPlatforms) = postSolution
		{2F8F09BC-973E-4C38-8A4F-431EA98EB749}.Debug|Any CPU.ActiveCfg = Debug|Any CPU
		{2F8F09BC-973E-4C38-8A4F-431EA98EB749}.Debug|Any CPU.Build.0 = Debug|Any CPU
		{2F8F09BC-973E-4C38-8A4F-431EA98EB749}.Release|Any CPU.ActiveCfg = Release|Any CPU
		{2F8F09BC-973E-4C38-8A4F-431EA98EB749}.Release|Any CPU.Build.0 = Release|Any CPU
	EndGlobalSection
	GlobalSection(SolutionProperties) = preSolution
		HideSolutionNode = FALSE
	EndGlobalSection
	GlobalSection(ExtensibilityGlobals) = postSolution
		SolutionGuid = {2CBCD279-B615-4B8D-A1B2-4434220E8310}
	EndGlobalSection
EndGlobal
